<?xml version="1.0" encoding="utf-8"?>
<Project ToolsVersion="4.0" xmlns="http://schemas.microsoft.com/developer/msbuild/2003">
  <ItemGroup>
    <Filter Include="Source Files">
      <UniqueIdentifier>{4FC737F1-C7A5-4376-A066-2A32D752A2FF}</UniqueIdentifier>
      <Extensions>cpp;c;cc;cxx;def;odl;idl;hpj;bat;asm;asmx</Extensions>
    </Filter>
    <Filter Include="Header Files">
      <UniqueIdentifier>{93995380-89BD-4b04-88EB-625FBE52EBFB}</UniqueIdentifier>
      <Extensions>h;hh;hpp;hxx;hm;inl;inc;ipp;xsd</Extensions>
    </Filter>
    <Filter Include="Resource Files">
      <UniqueIdentifier>{67DA6AB6-F800-4c08-8B7A-83BB121AAD01}</UniqueIdentifier>
      <Extensions>rc;ico;cur;bmp;dlg;rc2;rct;bin;rgs;gif;jpg;jpeg;jpe;resx;tiff;tif;png;wav;mfcribbon-ms</Extensions>
    </Filter>
    <Filter Include="GLFW">
      <UniqueIdentifier>{e782214c-c2e8-461a-a25e-6cc7a83430b0}</UniqueIdentifier>
    </Filter>
    <Filter Include="glad">
      <UniqueIdentifier>{45bb8ff9-3654-450b-ba3c-fe8007c262fd}</UniqueIdentifier>
    </Filter>
    <Filter Include="Source Files\Setup">
      <UniqueIdentifier>{9c568e49-fc6b-49af-9394-3b410352fcbe}</UniqueIdentifier>
    </Filter>
  </ItemGroup>
  <ItemGroup>
    <ClCompile Include="main.cpp">
      <Filter>Source Files</Filter>
    </ClCompile>
    <ClCompile Include="glad.c">
      <Filter>glad</Filter>
    </ClCompile>
    <ClCompile Include="GLFW_Init.cpp">
      <Filter>Source Files\Setup</Filter>
    </ClCompile>
    <ClCompile Include="Application.cpp">
      <Filter>Source Files</Filter>
    </ClCompile>
  </ItemGroup>
  <ItemGroup>
    <Library Include="glfw3.lib">
      <Filter>GLFW</Filter>
    </Library>
  </ItemGroup>
  <ItemGroup>
    <ClInclude Include="glad.h">
      <Filter>glad</Filter>
    </ClInclude>
    <ClInclude Include="khrplatform.h">
      <Filter>glad</Filter>
    </ClInclude>
    <ClInclude Include="ProjectConstants.h">
      <Filter>Header Files</Filter>
    </ClInclude>
    <ClInclude Include="glfw_config.h">
      <Filter>GLFW</Filter>
    </ClInclude>
    <ClInclude Include="glfw3.h">
      <Filter>GLFW</Filter>
    </ClInclude>
    <ClInclude Include="ProjectParameters.h">
      <Filter>Header Files</Filter>
    </ClInclude>
    <ClInclude Include="GLFW_Init.h">
      <Filter>Source Files\Setup</Filter>
    </ClInclude>
    <ClInclude Include="ProjectSetup.h">
      <Filter>Header Files</Filter>
    </ClInclude>
    <ClInclude Include="Application.h">
      <Filter>Source Files</Filter>
    </ClInclude>
  </ItemGroup>
</Project>