<?xml version="1.0" encoding="utf-8"?>
<Project ToolsVersion="4.0" xmlns="http://schemas.microsoft.com/developer/msbuild/2003">
  <ItemGroup>
    <Filter Include="Source Files">
      <UniqueIdentifier>{4FC737F1-C7A5-4376-A066-2A32D752A2FF}</UniqueIdentifier>
      <Extensions>cpp;c;cc;cxx;def;odl;idl;hpj;bat;asm;asmx</Extensions>
    </Filter>
    <Filter Include="Header Files">
      <UniqueIdentifier>{93995380-89BD-4b04-88EB-625FBE52EBFB}</UniqueIdentifier>
      <Extensions>h;hh;hpp;hxx;hm;inl;inc;ipp;xsd</Extensions>
    </Filter>
    <Filter Include="Resource Files">
      <UniqueIdentifier>{67DA6AB6-F800-4c08-8B7A-83BB121AAD01}</UniqueIdentifier>
      <Extensions>rc;ico;cur;bmp;dlg;rc2;rct;bin;rgs;gif;jpg;jpeg;jpe;resx;tiff;tif;png;wav;mfcribbon-ms</Extensions>
    </Filter>
    <Filter Include="GLFW">
      <UniqueIdentifier>{e782214c-c2e8-461a-a25e-6cc7a83430b0}</UniqueIdentifier>
    </Filter>
    <Filter Include="glad">
      <UniqueIdentifier>{45bb8ff9-3654-450b-ba3c-fe8007c262fd}</UniqueIdentifier>
    </Filter>
    <Filter Include="Source Files\Setup">
      <UniqueIdentifier>{9c568e49-fc6b-49af-9394-3b410352fcbe}</UniqueIdentifier>
    </Filter>
    <Filter Include="Source Files\RenderProject1">
      <UniqueIdentifier>{4fd5d6c1-2b5e-4614-b25f-ab22207fa500}</UniqueIdentifier>
    </Filter>
    <Filter Include="Shaders">
      <UniqueIdentifier>{ea8a4740-fd91-4b8c-ae4f-6316a5ee72c3}</UniqueIdentifier>
    </Filter>
    <Filter Include="Shaders\Generic">
      <UniqueIdentifier>{870bf8c1-2652-4f77-b56d-533ecf9717ed}</UniqueIdentifier>
    </Filter>
    <Filter Include="HarfBuzz">
      <UniqueIdentifier>{33c2c045-52f5-4e25-b6e3-8480c9046c78}</UniqueIdentifier>
    </Filter>
  </ItemGroup>
  <ItemGroup>
    <ClCompile Include="glad.c">
      <Filter>glad</Filter>
    </ClCompile>
    <ClCompile Include="GLFW_Init.cpp">
      <Filter>Source Files\Setup</Filter>
    </ClCompile>
    <ClCompile Include="Application.cpp">
      <Filter>Source Files</Filter>
    </ClCompile>
    <ClCompile Include="main.cpp">
      <Filter>Source Files</Filter>
    </ClCompile>
    <ClCompile Include="RenderProject1.cpp">
      <Filter>Source Files\RenderProject1</Filter>
    </ClCompile>
  </ItemGroup>
  <ItemGroup>
    <Library Include="glfw3.lib">
      <Filter>GLFW</Filter>
    </Library>
    <Library Include="harfbuzz.lib">
      <Filter>HarfBuzz</Filter>
    </Library>
  </ItemGroup>
  <ItemGroup>
    <ClInclude Include="glad.h">
      <Filter>glad</Filter>
    </ClInclude>
    <ClInclude Include="khrplatform.h">
      <Filter>glad</Filter>
    </ClInclude>
    <ClInclude Include="ProjectConstants.h">
      <Filter>Header Files</Filter>
    </ClInclude>
    <ClInclude Include="glfw_config.h">
      <Filter>GLFW</Filter>
    </ClInclude>
    <ClInclude Include="glfw3.h">
      <Filter>GLFW</Filter>
    </ClInclude>
    <ClInclude Include="ProjectParameters.h">
      <Filter>Header Files</Filter>
    </ClInclude>
    <ClInclude Include="GLFW_Init.h">
      <Filter>Source Files\Setup</Filter>
    </ClInclude>
    <ClInclude Include="ProjectSetup.h">
      <Filter>Header Files</Filter>
    </ClInclude>
    <ClInclude Include="Application.h">
      <Filter>Source Files</Filter>
    </ClInclude>
    <ClInclude Include="RenderProject1.h">
      <Filter>Source Files\RenderProject1</Filter>
    </ClInclude>
    <ClInclude Include="InputFlags.h">
      <Filter>Header Files</Filter>
    </ClInclude>
    <ClInclude Include="HarfBuzz\hb.h">
      <Filter>HarfBuzz</Filter>
    </ClInclude>
    <ClInclude Include="HarfBuzz\hb-blob.h">
      <Filter>HarfBuzz</Filter>
    </ClInclude>
    <ClInclude Include="HarfBuzz\hb-buffer.h">
      <Filter>HarfBuzz</Filter>
    </ClInclude>
    <ClInclude Include="HarfBuzz\hb-common.h">
      <Filter>HarfBuzz</Filter>
    </ClInclude>
    <ClInclude Include="HarfBuzz\hb-deprecated.h">
      <Filter>HarfBuzz</Filter>
    </ClInclude>
    <ClInclude Include="HarfBuzz\hb-face.h">
      <Filter>HarfBuzz</Filter>
    </ClInclude>
    <ClInclude Include="HarfBuzz\hb-font.h">
      <Filter>HarfBuzz</Filter>
    </ClInclude>
    <ClInclude Include="HarfBuzz\hb-ft.h">
      <Filter>HarfBuzz</Filter>
    </ClInclude>
    <ClInclude Include="HarfBuzz\hb-map.h">
      <Filter>HarfBuzz</Filter>
    </ClInclude>
    <ClInclude Include="HarfBuzz\hb-ot.h">
      <Filter>HarfBuzz</Filter>
    </ClInclude>
    <ClInclude Include="HarfBuzz\hb-ot-font.h">
      <Filter>HarfBuzz</Filter>
    </ClInclude>
    <ClInclude Include="HarfBuzz\hb-ot-layout.h">
      <Filter>HarfBuzz</Filter>
    </ClInclude>
    <ClInclude Include="HarfBuzz\hb-ot-math.h">
      <Filter>HarfBuzz</Filter>
    </ClInclude>
    <ClInclude Include="HarfBuzz\hb-ot-shape.h">
      <Filter>HarfBuzz</Filter>
    </ClInclude>
    <ClInclude Include="HarfBuzz\hb-ot-tag.h">
      <Filter>HarfBuzz</Filter>
    </ClInclude>
    <ClInclude Include="HarfBuzz\hb-ot-var.h">
      <Filter>HarfBuzz</Filter>
    </ClInclude>
    <ClInclude Include="HarfBuzz\hb-set.h">
      <Filter>HarfBuzz</Filter>
    </ClInclude>
    <ClInclude Include="HarfBuzz\hb-shape.h">
      <Filter>HarfBuzz</Filter>
    </ClInclude>
    <ClInclude Include="HarfBuzz\hb-shape-plan.h">
      <Filter>HarfBuzz</Filter>
    </ClInclude>
    <ClInclude Include="HarfBuzz\hb-unicode.h">
      <Filter>HarfBuzz</Filter>
    </ClInclude>
    <ClInclude Include="HarfBuzz\hb-version.h">
      <Filter>HarfBuzz</Filter>
    </ClInclude>
  </ItemGroup>
  <ItemGroup>
    <None Include="passthrough2D.vert">
      <Filter>Shaders\Generic</Filter>
    </None>
    <None Include="passthrough3D.vert">
      <Filter>Shaders\Generic</Filter>
    </None>
    <None Include="constantcolor.frag">
      <Filter>Shaders\Generic</Filter>
    </None>
  </ItemGroup>
</Project>