<?xml version="1.0" encoding="utf-8"?>
<Project ToolsVersion="4.0" xmlns="http://schemas.microsoft.com/developer/msbuild/2003">
  <ItemGroup>
    <Filter Include="Source Files">
      <UniqueIdentifier>{4FC737F1-C7A5-4376-A066-2A32D752A2FF}</UniqueIdentifier>
      <Extensions>cpp;c;cc;cxx;def;odl;idl;hpj;bat;asm;asmx</Extensions>
    </Filter>
    <Filter Include="Header Files">
      <UniqueIdentifier>{93995380-89BD-4b04-88EB-625FBE52EBFB}</UniqueIdentifier>
      <Extensions>h;hh;hpp;hxx;hm;inl;inc;ipp;xsd</Extensions>
    </Filter>
    <Filter Include="Resource Files">
      <UniqueIdentifier>{67DA6AB6-F800-4c08-8B7A-83BB121AAD01}</UniqueIdentifier>
      <Extensions>rc;ico;cur;bmp;dlg;rc2;rct;bin;rgs;gif;jpg;jpeg;jpe;resx;tiff;tif;png;wav;mfcribbon-ms</Extensions>
    </Filter>
    <Filter Include="Resource Files\Fonts">
      <UniqueIdentifier>{c6968b45-015e-402f-9aa4-d975a94df6c3}</UniqueIdentifier>
    </Filter>
    <Filter Include="Source Files\Projects">
      <UniqueIdentifier>{428dca05-119d-462b-a72e-9ca33a9e091a}</UniqueIdentifier>
    </Filter>
    <Filter Include="Source Files\Utility">
      <UniqueIdentifier>{ed0ef0ff-dece-473a-91eb-cf8eb2074bbd}</UniqueIdentifier>
    </Filter>
    <Filter Include="Source Files\Utility\Math">
      <UniqueIdentifier>{8c0d421c-755f-49e4-b63e-d49515507c47}</UniqueIdentifier>
    </Filter>
    <Filter Include="Source Files\Utility\RenderTools">
      <UniqueIdentifier>{0ceada58-1941-4a6a-801c-b7db2c2b51be}</UniqueIdentifier>
    </Filter>
    <Filter Include="NotesAndReferences">
      <UniqueIdentifier>{7e929138-11ce-4b48-bf47-c2e4623f992d}</UniqueIdentifier>
    </Filter>
    <Filter Include="SetupAndConfiguration">
      <UniqueIdentifier>{0f74ed4c-d885-46b8-abee-7e19d2afeb87}</UniqueIdentifier>
    </Filter>
    <Filter Include="SetupAndConfiguration\Debug">
      <UniqueIdentifier>{60084513-da46-497b-95f3-bf5631e9f4f6}</UniqueIdentifier>
    </Filter>
    <Filter Include="SetupAndConfiguration\Parameters">
      <UniqueIdentifier>{bfee94b6-d826-4f00-b9f3-bc011d33faf1}</UniqueIdentifier>
    </Filter>
    <Filter Include="Source Files\Utility\RenderTools\Shader Interface">
      <UniqueIdentifier>{8989212a-db74-40ce-90e1-b3f7ee0b846f}</UniqueIdentifier>
    </Filter>
    <Filter Include="Source Files\Utility\RenderTools\Shader Interface\ShaderObject">
      <UniqueIdentifier>{23121481-66e4-48e5-b831-d0b43c021a39}</UniqueIdentifier>
    </Filter>
    <Filter Include="Source Files\Utility\RenderTools\Shader Interface\ShaderObject\CompiledShader">
      <UniqueIdentifier>{5680177a-33cf-4bdd-9907-36cbb17c2f0b}</UniqueIdentifier>
    </Filter>
    <Filter Include="Source Files\Utility\RenderTools\Shader Interface\ShaderObject\CompiledShader\DerivedShaderTypes">
      <UniqueIdentifier>{33360490-6c15-41df-8a2a-48ebd302d069}</UniqueIdentifier>
    </Filter>
    <Filter Include="Source Files\Utility\RenderTools\Shader Interface\ShaderObject\Uniform">
      <UniqueIdentifier>{fd0145d2-10f6-4603-b797-8a487b299c56}</UniqueIdentifier>
    </Filter>
    <Filter Include="Source Files\Utility\Asset Loading">
      <UniqueIdentifier>{61aefebc-6b93-4f8d-a147-495f549eeeb1}</UniqueIdentifier>
    </Filter>
    <Filter Include="Resource Files\Models">
      <UniqueIdentifier>{1b72e998-2f8b-4078-88df-8f9e89eef99d}</UniqueIdentifier>
    </Filter>
    <Filter Include="Resource Files\Models\OBJ">
      <UniqueIdentifier>{26d52c66-07f5-495f-af2d-e131805f59ac}</UniqueIdentifier>
    </Filter>
    <Filter Include="Source Files\Utility\RenderTools\Shader Interface\VertexAttributeSet">
      <UniqueIdentifier>{ce7e1745-9000-4832-922e-b094f020020d}</UniqueIdentifier>
    </Filter>
    <Filter Include="Source Files\Projects\RenderDemos">
      <UniqueIdentifier>{1e441985-93c9-425d-b6ff-9217ad2c8ec2}</UniqueIdentifier>
    </Filter>
    <Filter Include="Source Files\Projects\RenderDemos\TeapotExplosion">
      <UniqueIdentifier>{7d5d9106-18cd-47b2-90ee-d12747d28935}</UniqueIdentifier>
    </Filter>
    <Filter Include="Source Files\Projects\LegacyProjects_PreRenderDemo">
      <UniqueIdentifier>{5a97e638-bcd6-40df-a1e4-9636c9d32898}</UniqueIdentifier>
    </Filter>
    <Filter Include="Source Files\Projects\LegacyProjects_PreRenderDemo\RenderProject1">
      <UniqueIdentifier>{4fd5d6c1-2b5e-4614-b25f-ab22207fa500}</UniqueIdentifier>
    </Filter>
    <Filter Include="Source Files\Projects\LegacyProjects_PreRenderDemo\GeometryShaderExplosion">
      <UniqueIdentifier>{1a9df0bf-849b-412a-8614-e06363187986}</UniqueIdentifier>
    </Filter>
    <Filter Include="Resource Files\Models\OBJ\Engine">
      <UniqueIdentifier>{6d4c7c7d-37c7-4d13-8a45-9747f299d321}</UniqueIdentifier>
    </Filter>
    <Filter Include="Resource Files\Models\OBJ\Engine\Engine2">
      <UniqueIdentifier>{d9b6543b-8636-4775-92b3-841c5293a4de}</UniqueIdentifier>
    </Filter>
    <Filter Include="Resource Files\Models\OBJ\Sample">
      <UniqueIdentifier>{a4df8b52-0b59-4213-8af8-a442bde0aabf}</UniqueIdentifier>
    </Filter>
    <Filter Include="Resource Files\Models\OBJ\Sample\BeveledCube">
      <UniqueIdentifier>{35c80556-93bd-4c0b-8fb5-6a5027f1b768}</UniqueIdentifier>
    </Filter>
    <Filter Include="Source Files\Utility\Filepath">
      <UniqueIdentifier>{f4167a12-333b-40d8-80cf-7b890a091198}</UniqueIdentifier>
    </Filter>
    <Filter Include="Resource Files\Models\OBJ\Sample\SubdivisionCube">
      <UniqueIdentifier>{d197d4ef-84bf-4310-87c1-29d9ffeca7f9}</UniqueIdentifier>
    </Filter>
    <Filter Include="Resource Files\Models\OBJ\Sample\Splines">
      <UniqueIdentifier>{4c5781ef-8201-4805-83e3-83ce0a40f064}</UniqueIdentifier>
    </Filter>
    <Filter Include="Source Files\EntityComponents">
      <UniqueIdentifier>{0dfbfc85-f03b-441f-9cd3-8bbee7a5d1a1}</UniqueIdentifier>
    </Filter>
    <Filter Include="Source Files\EntityComponents\Mesh">
      <UniqueIdentifier>{652b5ccd-e9d6-4564-b565-e0119f2128d2}</UniqueIdentifier>
    </Filter>
    <Filter Include="Resource Files\Models\OBJ\Sample\BlockThing">
      <UniqueIdentifier>{b27f6ba1-997a-4053-abd2-295730fb77ab}</UniqueIdentifier>
    </Filter>
    <Filter Include="Resource Files\Models\OBJ\Sample\BlockThing\BlockThing_Quads">
      <UniqueIdentifier>{796caf25-89a3-42cb-8c45-8fcdefe3d0a4}</UniqueIdentifier>
    </Filter>
    <Filter Include="Resource Files\Models\OBJ\Sample\BlockThing\BlockThing_Triangulated">
      <UniqueIdentifier>{a4d5854e-8b4e-43f1-8565-7522d1d234e2}</UniqueIdentifier>
    </Filter>
    <Filter Include="Source Files\Utility\Asset Loading\AsciiBasedAssets">
      <UniqueIdentifier>{dbe0ec7f-4cd2-48c8-a42a-8668b8980862}</UniqueIdentifier>
    </Filter>
    <Filter Include="Source Files\Utility\Asset Loading\AsciiBasedAssets\WavefrontObj">
      <UniqueIdentifier>{612d584d-fa74-4e7c-bcc7-fe6dbe9bbdbc}</UniqueIdentifier>
    </Filter>
    <Filter Include="Resource Files\Models\OBJ\Sample\MultiPrimitiveTest">
      <UniqueIdentifier>{9e1765b1-3e57-49d2-a1ad-0fc56d6bfe66}</UniqueIdentifier>
    </Filter>
    <Filter Include="Resource Files\Shaders">
      <UniqueIdentifier>{ea8a4740-fd91-4b8c-ae4f-6316a5ee72c3}</UniqueIdentifier>
    </Filter>
    <Filter Include="Resource Files\Shaders\Legacy">
      <UniqueIdentifier>{4c8bc92e-9b24-4d15-a98b-c274c4527f7c}</UniqueIdentifier>
    </Filter>
    <Filter Include="Resource Files\Shaders\Legacy\RenderProject1">
      <UniqueIdentifier>{f1a860d9-95d3-440c-a898-21ce732341cf}</UniqueIdentifier>
    </Filter>
    <Filter Include="Resource Files\Shaders\Legacy\GeometryShaderTest">
      <UniqueIdentifier>{8074e451-630a-4f67-81a7-7db7baaa6174}</UniqueIdentifier>
    </Filter>
    <Filter Include="Resource Files\Shaders\Legacy\GeometryShaderExplosion">
      <UniqueIdentifier>{76e52312-243d-4b1b-bea3-f0e1c689a7f0}</UniqueIdentifier>
    </Filter>
    <Filter Include="Resource Files\Shaders\Legacy\Generic">
      <UniqueIdentifier>{870bf8c1-2652-4f77-b56d-533ecf9717ed}</UniqueIdentifier>
    </Filter>
    <Filter Include="Resource Files\Shaders\Legacy\Generic\Old">
      <UniqueIdentifier>{ccf46893-4f91-4c40-904c-a3ed9bbc130e}</UniqueIdentifier>
    </Filter>
    <Filter Include="Resource Files\Models\OBJ\3D_Coat Imported">
      <UniqueIdentifier>{c92fc5ed-59b1-4335-a09d-73e0e9e43e4d}</UniqueIdentifier>
    </Filter>
    <Filter Include="Resource Files\Models\OBJ\Sample\ParentedPrimatives">
      <UniqueIdentifier>{5f3c8f11-43ac-4194-86dd-ebf2270af7be}</UniqueIdentifier>
    </Filter>
    <Filter Include="Third Party">
      <UniqueIdentifier>{1548cd26-21bd-4783-8e4f-070776f8f260}</UniqueIdentifier>
    </Filter>
    <Filter Include="Third Party\GLFW">
      <UniqueIdentifier>{e782214c-c2e8-461a-a25e-6cc7a83430b0}</UniqueIdentifier>
    </Filter>
    <Filter Include="Third Party\glad">
      <UniqueIdentifier>{45bb8ff9-3654-450b-ba3c-fe8007c262fd}</UniqueIdentifier>
    </Filter>
    <Filter Include="Third Party\FreeType">
      <UniqueIdentifier>{50c2dbb5-ab49-488a-9082-f4b7d179b6ed}</UniqueIdentifier>
    </Filter>
    <Filter Include="Third Party\FreeType\freetype">
      <UniqueIdentifier>{9c43f139-353b-4f11-b058-66cee2982332}</UniqueIdentifier>
    </Filter>
    <Filter Include="Third Party\FreeType\freetype\config">
      <UniqueIdentifier>{e2a720e5-62e6-48cf-a7de-359b9909b6b9}</UniqueIdentifier>
    </Filter>
    <Filter Include="Third Party\stb_image">
      <UniqueIdentifier>{fb4aa324-4045-4075-992e-cacdbba37b93}</UniqueIdentifier>
    </Filter>
    <Filter Include="Source Files\Utility\Asset Loading\AsciiBasedAssets\WavefrontMtl">
      <UniqueIdentifier>{cdaf0160-e6f0-4017-abec-92a6ea34e00a}</UniqueIdentifier>
    </Filter>
    <Filter Include="Source Files\Projects\RenderDemos\AssetLoading">
      <UniqueIdentifier>{83427107-e9aa-4c51-83bb-91ecd9565e65}</UniqueIdentifier>
    </Filter>
    <Filter Include="Resource Files\Models\OBJ\Sample\Experimental Engine">
      <UniqueIdentifier>{5761e0bf-eff9-4795-a930-5bbcf184f596}</UniqueIdentifier>
    </Filter>
    <Filter Include="Resource Files\Models\OBJ\Sample\Thing">
      <UniqueIdentifier>{c0a6b5bf-70d6-49fc-9f1d-a486e6f5aff0}</UniqueIdentifier>
    </Filter>
    <Filter Include="Resource Files\Models\OBJ\Spaceships">
      <UniqueIdentifier>{fe1e1001-9f2c-4a20-b8e2-a051a4844cd7}</UniqueIdentifier>
    </Filter>
    <Filter Include="Resource Files\Models\OBJ\Spaceships\Test">
      <UniqueIdentifier>{034a3a59-d139-4422-8d09-156d97927f35}</UniqueIdentifier>
    </Filter>
    <Filter Include="Resource Files\Models\OBJ\Spaceships\Test\BlockShip01">
      <UniqueIdentifier>{a5bd8c56-e05e-420d-9ddf-3fabf8fcda98}</UniqueIdentifier>
    </Filter>
    <Filter Include="Resource Files\Models\OBJ\Spaceships\StarSuzerian">
      <UniqueIdentifier>{fc9c82bc-0065-4439-8fe2-3e962f54fc05}</UniqueIdentifier>
    </Filter>
    <Filter Include="Resource Files\Shaders\Common">
      <UniqueIdentifier>{4611ffc9-c246-458f-a699-17c2347b719b}</UniqueIdentifier>
    </Filter>
    <Filter Include="Resource Files\Shaders\Common\FragmentUtility">
      <UniqueIdentifier>{68849a5e-e5a2-496c-ac9e-5d69b7427bfd}</UniqueIdentifier>
    </Filter>
    <Filter Include="Resource Files\Shaders\Common\VertexUtility">
      <UniqueIdentifier>{ef32210c-2977-4da9-ad74-e9ae3ad60d40}</UniqueIdentifier>
    </Filter>
    <Filter Include="Resource Files\Shaders\RenderProjects">
      <UniqueIdentifier>{3d188f54-9d98-4b12-8522-18835953a87d}</UniqueIdentifier>
    </Filter>
    <Filter Include="Resource Files\Shaders\RenderProjects\TeapotExplosion">
      <UniqueIdentifier>{9bb73ee2-b4b9-4230-afa2-ae16b40f37f1}</UniqueIdentifier>
    </Filter>
    <Filter Include="Resource Files\Shaders\RenderProjects\AssetLoadingDemo">
      <UniqueIdentifier>{09d5dbe8-04e4-4cf6-a042-71614fd540c1}</UniqueIdentifier>
    </Filter>
    <Filter Include="Resource Files\Models\OBJ\Spaceships\NewOrder_TieFighter">
      <UniqueIdentifier>{b20aff9e-c742-4a19-a37c-8d07ec12b89b}</UniqueIdentifier>
    </Filter>
    <Filter Include="SetupAndConfiguration\GLFW_Initialization">
      <UniqueIdentifier>{9c568e49-fc6b-49af-9394-3b410352fcbe}</UniqueIdentifier>
    </Filter>
    <Filter Include="SetupAndConfiguration\Filepaths">
      <UniqueIdentifier>{16f4d742-1cf7-4533-8c6c-5ef8d26b6e82}</UniqueIdentifier>
    </Filter>
    <Filter Include="Source Files\Utility\Asset Loading\AsciiBasedAssets\WavefrontObj\Incomplete">
      <UniqueIdentifier>{b5c0a67e-d771-4c4e-a77c-dc60777be163}</UniqueIdentifier>
    </Filter>
    <Filter Include="Resource Files\Shaders\RenderProjects\AssetLoadingDemo\PostionTexNormal">
      <UniqueIdentifier>{06e595cb-0f79-4ed5-95a0-80d9e64c6c51}</UniqueIdentifier>
    </Filter>
    <Filter Include="Resource Files\Shaders\Legacy\OldeAssetLoadingDemoShaders">
      <UniqueIdentifier>{e0ea8d2b-7720-40ee-b31d-b515781321c1}</UniqueIdentifier>
    </Filter>
    <Filter Include="Resource Files\Shaders\Legacy\OldeAssetLoadingDemoShaders\Olde versions of shaders">
      <UniqueIdentifier>{9bc8fbdb-688a-4ae5-abb5-224d7f73d9bd}</UniqueIdentifier>
    </Filter>
    <Filter Include="Resource Files\Shaders\RenderProjects\AssetLoadingDemo\PositionNormal">
      <UniqueIdentifier>{3055026b-c17b-4189-a28d-33bbdcde18e0}</UniqueIdentifier>
    </Filter>
    <Filter Include="Resource Files\Shaders\RenderProjects\AssetLoadingDemo\MaybeUnused">
      <UniqueIdentifier>{5b8aebd4-630a-449f-b492-bec86a3867a7}</UniqueIdentifier>
    </Filter>
    <Filter Include="Resource Files\Shaders\RenderProjects\AssetLoadingDemo\MaybeUnused\Position">
      <UniqueIdentifier>{42e335dd-0b7b-4078-b53d-81efa7ac7129}</UniqueIdentifier>
    </Filter>
    <Filter Include="Resource Files\Shaders\RenderProjects\AssetLoadingDemo\MaybeUnused\PositionTex">
      <UniqueIdentifier>{944036bc-67a6-4987-a72b-b91a90d99060}</UniqueIdentifier>
    </Filter>
    <Filter Include="Source Files\Utility\Lightsource">
      <UniqueIdentifier>{a1e22b88-f253-4548-a540-ce8379c30e04}</UniqueIdentifier>
    </Filter>
    <Filter Include="Resource Files\Shaders\Common\Lightsource">
      <UniqueIdentifier>{f2596a4f-036e-477a-ad7f-32283bd83f0b}</UniqueIdentifier>
    </Filter>
    <Filter Include="Resource Files\Shaders\Common\ShaderNoiseFunctions">
      <UniqueIdentifier>{61036fd3-1202-456e-966e-383e55e90a14}</UniqueIdentifier>
    </Filter>
    <Filter Include="Third Party\GLM">
      <UniqueIdentifier>{d67bba8a-509a-4284-9788-76ce98beb124}</UniqueIdentifier>
    </Filter>
    <Filter Include="Third Party\GLM\gtc">
      <UniqueIdentifier>{310d5a25-3241-4d25-8355-024386bfd8ea}</UniqueIdentifier>
    </Filter>
    <Filter Include="Resource Files\Models\OBJ\Sample\Pokemon">
      <UniqueIdentifier>{8c86192f-ce6c-4ef3-a6b7-8806b6e5d0be}</UniqueIdentifier>
    </Filter>
  </ItemGroup>
  <ItemGroup>
    <ClCompile Include="glad.c">
      <Filter>Third Party\glad</Filter>
    </ClCompile>
    <ClCompile Include="GLFW_Init.cpp">
      <Filter>SetupAndConfiguration\GLFW_Initialization</Filter>
    </ClCompile>
    <ClCompile Include="Application.cpp">
      <Filter>Source Files</Filter>
    </ClCompile>
    <ClCompile Include="RenderProject1.cpp">
      <Filter>Source Files\Projects\LegacyProjects_PreRenderDemo\RenderProject1</Filter>
    </ClCompile>
    <ClCompile Include="UniformLocationTracker.cpp">
      <Filter>Source Files\Utility\RenderTools\Shader Interface\ShaderObject\Uniform</Filter>
    </ClCompile>
    <ClCompile Include="CachedUniformLocation.cpp">
      <Filter>Source Files\Utility\RenderTools\Shader Interface\ShaderObject\Uniform</Filter>
    </ClCompile>
    <ClCompile Include="MathFunctions.cpp">
      <Filter>Source Files\Utility\Math</Filter>
    </ClCompile>
    <ClCompile Include="ShaderProgram.cpp">
      <Filter>Source Files\Utility\RenderTools\Shader Interface\ShaderObject</Filter>
    </ClCompile>
    <ClCompile Include="VertexShader.cpp">
      <Filter>Source Files\Utility\RenderTools\Shader Interface\ShaderObject\CompiledShader\DerivedShaderTypes</Filter>
    </ClCompile>
    <ClCompile Include="CompiledShader.cpp">
      <Filter>Source Files\Utility\RenderTools\Shader Interface\ShaderObject\CompiledShader</Filter>
    </ClCompile>
    <ClCompile Include="ComputeShader.cpp">
      <Filter>Source Files\Utility\RenderTools\Shader Interface\ShaderObject\CompiledShader\DerivedShaderTypes</Filter>
    </ClCompile>
    <ClCompile Include="FragmentShader.cpp">
      <Filter>Source Files\Utility\RenderTools\Shader Interface\ShaderObject\CompiledShader\DerivedShaderTypes</Filter>
    </ClCompile>
    <ClCompile Include="GeometryShader.cpp">
      <Filter>Source Files\Utility\RenderTools\Shader Interface\ShaderObject\CompiledShader\DerivedShaderTypes</Filter>
    </ClCompile>
    <ClCompile Include="TesselationControlShader.cpp">
      <Filter>Source Files\Utility\RenderTools\Shader Interface\ShaderObject\CompiledShader\DerivedShaderTypes</Filter>
    </ClCompile>
    <ClCompile Include="TesselationEvaluationShader.cpp">
      <Filter>Source Files\Utility\RenderTools\Shader Interface\ShaderObject\CompiledShader\DerivedShaderTypes</Filter>
    </ClCompile>
    <ClCompile Include="GenericVertexAttributeSet.cpp">
      <Filter>Source Files\Utility\RenderTools\Shader Interface\VertexAttributeSet</Filter>
    </ClCompile>
    <ClCompile Include="GeometryShaderExplosion.cpp">
      <Filter>Source Files\Projects\LegacyProjects_PreRenderDemo\GeometryShaderExplosion</Filter>
    </ClCompile>
    <ClCompile Include="RenderDemoBase.cpp">
      <Filter>Source Files\Projects\RenderDemos</Filter>
    </ClCompile>
    <ClCompile Include="TeapotExplosion.cpp">
      <Filter>Source Files\Projects\RenderDemos\TeapotExplosion</Filter>
    </ClCompile>
    <ClCompile Include="FilepathWrapper.cpp">
      <Filter>Source Files\Utility\Filepath</Filter>
    </ClCompile>
    <ClCompile Include="Vertex.cpp">
      <Filter>Source Files\Utility\Math</Filter>
    </ClCompile>
    <ClCompile Include="Mesh.cpp">
      <Filter>Source Files\EntityComponents\Mesh</Filter>
    </ClCompile>
    <ClCompile Include="main.cpp">
      <Filter>Source Files</Filter>
    </ClCompile>
    <ClCompile Include="AsciiAsset.cpp">
      <Filter>Source Files\Utility\Asset Loading\AsciiBasedAssets</Filter>
    </ClCompile>
    <ClCompile Include="AssetInterface.cpp">
      <Filter>Source Files\Utility\Asset Loading</Filter>
    </ClCompile>
    <ClCompile Include="Face.cpp">
      <Filter>Source Files\Utility\Asset Loading\AsciiBasedAssets\WavefrontObj</Filter>
    </ClCompile>
    <ClCompile Include="Line.cpp">
      <Filter>Source Files\Utility\Asset Loading\AsciiBasedAssets\WavefrontObj</Filter>
    </ClCompile>
    <ClCompile Include="QuickObj.cpp">
      <Filter>Source Files\Utility\Asset Loading\AsciiBasedAssets\WavefrontObj</Filter>
    </ClCompile>
    <ClCompile Include="AssetLoadingDemo.cpp">
      <Filter>Source Files\Projects\RenderDemos\AssetLoading</Filter>
    </ClCompile>
    <ClCompile Include="MissingAsset.cpp">
      <Filter>Source Files\Utility\Asset Loading</Filter>
    </ClCompile>
    <ClCompile Include="WavefrontObj.cpp">
      <Filter>Source Files\Utility\Asset Loading\AsciiBasedAssets\WavefrontObj\Incomplete</Filter>
    </ClCompile>
    <ClCompile Include="Lightsource.cpp">
      <Filter>Source Files\Utility\Lightsource</Filter>
    </ClCompile>
    <ClCompile Include="LightsourceModel.cpp">
      <Filter>Source Files\Utility\Lightsource</Filter>
    </ClCompile>
  </ItemGroup>
  <ItemGroup>
    <Library Include="freetype.lib">
      <Filter>Third Party\FreeType</Filter>
    </Library>
    <Library Include="glfw3dll.lib">
      <Filter>Third Party\GLFW</Filter>
    </Library>
  </ItemGroup>
  <ItemGroup>
    <ClInclude Include="glad.h">
      <Filter>Third Party\glad</Filter>
    </ClInclude>
    <ClInclude Include="khrplatform.h">
      <Filter>Third Party\glad</Filter>
    </ClInclude>
    <ClInclude Include="glfw_config.h">
      <Filter>Third Party\GLFW</Filter>
    </ClInclude>
    <ClInclude Include="glfw3.h">
      <Filter>Third Party\GLFW</Filter>
    </ClInclude>
    <ClInclude Include="GLFW_Init.h">
      <Filter>SetupAndConfiguration\GLFW_Initialization</Filter>
    </ClInclude>
    <ClInclude Include="Application.h">
      <Filter>Source Files</Filter>
    </ClInclude>
    <ClInclude Include="RenderProject1.h">
      <Filter>Source Files\Projects\LegacyProjects_PreRenderDemo\RenderProject1</Filter>
    </ClInclude>
    <ClInclude Include="ft2build.h">
      <Filter>Third Party\FreeType</Filter>
    </ClInclude>
    <ClInclude Include="freetype\freetype.h">
      <Filter>Third Party\FreeType\freetype</Filter>
    </ClInclude>
    <ClInclude Include="freetype\ftadvanc.h">
      <Filter>Third Party\FreeType\freetype</Filter>
    </ClInclude>
    <ClInclude Include="freetype\ftautoh.h">
      <Filter>Third Party\FreeType\freetype</Filter>
    </ClInclude>
    <ClInclude Include="freetype\ftbbox.h">
      <Filter>Third Party\FreeType\freetype</Filter>
    </ClInclude>
    <ClInclude Include="freetype\ftbdf.h">
      <Filter>Third Party\FreeType\freetype</Filter>
    </ClInclude>
    <ClInclude Include="freetype\ftbitmap.h">
      <Filter>Third Party\FreeType\freetype</Filter>
    </ClInclude>
    <ClInclude Include="freetype\ftbzip2.h">
      <Filter>Third Party\FreeType\freetype</Filter>
    </ClInclude>
    <ClInclude Include="freetype\ftcache.h">
      <Filter>Third Party\FreeType\freetype</Filter>
    </ClInclude>
    <ClInclude Include="freetype\ftcffdrv.h">
      <Filter>Third Party\FreeType\freetype</Filter>
    </ClInclude>
    <ClInclude Include="freetype\ftchapters.h">
      <Filter>Third Party\FreeType\freetype</Filter>
    </ClInclude>
    <ClInclude Include="freetype\ftcid.h">
      <Filter>Third Party\FreeType\freetype</Filter>
    </ClInclude>
    <ClInclude Include="freetype\fterrdef.h">
      <Filter>Third Party\FreeType\freetype</Filter>
    </ClInclude>
    <ClInclude Include="freetype\fterrors.h">
      <Filter>Third Party\FreeType\freetype</Filter>
    </ClInclude>
    <ClInclude Include="freetype\ftfntfmt.h">
      <Filter>Third Party\FreeType\freetype</Filter>
    </ClInclude>
    <ClInclude Include="freetype\ftgasp.h">
      <Filter>Third Party\FreeType\freetype</Filter>
    </ClInclude>
    <ClInclude Include="freetype\ftglyph.h">
      <Filter>Third Party\FreeType\freetype</Filter>
    </ClInclude>
    <ClInclude Include="freetype\ftgxval.h">
      <Filter>Third Party\FreeType\freetype</Filter>
    </ClInclude>
    <ClInclude Include="freetype\ftgzip.h">
      <Filter>Third Party\FreeType\freetype</Filter>
    </ClInclude>
    <ClInclude Include="freetype\ftimage.h">
      <Filter>Third Party\FreeType\freetype</Filter>
    </ClInclude>
    <ClInclude Include="freetype\ftincrem.h">
      <Filter>Third Party\FreeType\freetype</Filter>
    </ClInclude>
    <ClInclude Include="freetype\ftlcdfil.h">
      <Filter>Third Party\FreeType\freetype</Filter>
    </ClInclude>
    <ClInclude Include="freetype\ftlist.h">
      <Filter>Third Party\FreeType\freetype</Filter>
    </ClInclude>
    <ClInclude Include="freetype\ftlzw.h">
      <Filter>Third Party\FreeType\freetype</Filter>
    </ClInclude>
    <ClInclude Include="freetype\ftmac.h">
      <Filter>Third Party\FreeType\freetype</Filter>
    </ClInclude>
    <ClInclude Include="freetype\ftmm.h">
      <Filter>Third Party\FreeType\freetype</Filter>
    </ClInclude>
    <ClInclude Include="freetype\ftmodapi.h">
      <Filter>Third Party\FreeType\freetype</Filter>
    </ClInclude>
    <ClInclude Include="freetype\ftmoderr.h">
      <Filter>Third Party\FreeType\freetype</Filter>
    </ClInclude>
    <ClInclude Include="freetype\ftotval.h">
      <Filter>Third Party\FreeType\freetype</Filter>
    </ClInclude>
    <ClInclude Include="freetype\ftoutln.h">
      <Filter>Third Party\FreeType\freetype</Filter>
    </ClInclude>
    <ClInclude Include="freetype\ftpcfdrv.h">
      <Filter>Third Party\FreeType\freetype</Filter>
    </ClInclude>
    <ClInclude Include="freetype\ftpfr.h">
      <Filter>Third Party\FreeType\freetype</Filter>
    </ClInclude>
    <ClInclude Include="freetype\ftrender.h">
      <Filter>Third Party\FreeType\freetype</Filter>
    </ClInclude>
    <ClInclude Include="freetype\ftsizes.h">
      <Filter>Third Party\FreeType\freetype</Filter>
    </ClInclude>
    <ClInclude Include="freetype\ftsnames.h">
      <Filter>Third Party\FreeType\freetype</Filter>
    </ClInclude>
    <ClInclude Include="freetype\ftstroke.h">
      <Filter>Third Party\FreeType\freetype</Filter>
    </ClInclude>
    <ClInclude Include="freetype\ftsynth.h">
      <Filter>Third Party\FreeType\freetype</Filter>
    </ClInclude>
    <ClInclude Include="freetype\ftsystem.h">
      <Filter>Third Party\FreeType\freetype</Filter>
    </ClInclude>
    <ClInclude Include="freetype\fttrigon.h">
      <Filter>Third Party\FreeType\freetype</Filter>
    </ClInclude>
    <ClInclude Include="freetype\ftttdrv.h">
      <Filter>Third Party\FreeType\freetype</Filter>
    </ClInclude>
    <ClInclude Include="freetype\fttypes.h">
      <Filter>Third Party\FreeType\freetype</Filter>
    </ClInclude>
    <ClInclude Include="freetype\ftwinfnt.h">
      <Filter>Third Party\FreeType\freetype</Filter>
    </ClInclude>
    <ClInclude Include="freetype\t1tables.h">
      <Filter>Third Party\FreeType\freetype</Filter>
    </ClInclude>
    <ClInclude Include="freetype\ttnameid.h">
      <Filter>Third Party\FreeType\freetype</Filter>
    </ClInclude>
    <ClInclude Include="freetype\tttables.h">
      <Filter>Third Party\FreeType\freetype</Filter>
    </ClInclude>
    <ClInclude Include="freetype\tttags.h">
      <Filter>Third Party\FreeType\freetype</Filter>
    </ClInclude>
    <ClInclude Include="freetype\ttunpat.h">
      <Filter>Third Party\FreeType\freetype</Filter>
    </ClInclude>
    <ClInclude Include="freetype\config\ftconfig.h">
      <Filter>Third Party\FreeType\freetype\config</Filter>
    </ClInclude>
    <ClInclude Include="freetype\config\ftheader.h">
      <Filter>Third Party\FreeType\freetype\config</Filter>
    </ClInclude>
    <ClInclude Include="freetype\config\ftmodule.h">
      <Filter>Third Party\FreeType\freetype\config</Filter>
    </ClInclude>
    <ClInclude Include="freetype\config\ftoption.h">
      <Filter>Third Party\FreeType\freetype\config</Filter>
    </ClInclude>
    <ClInclude Include="freetype\config\ftstdlib.h">
      <Filter>Third Party\FreeType\freetype\config</Filter>
    </ClInclude>
    <ClInclude Include="UniformLocationBucket.h">
      <Filter>Source Files\Utility\RenderTools\Shader Interface\ShaderObject\Uniform</Filter>
    </ClInclude>
    <ClInclude Include="UniformLocationTracker.h">
      <Filter>Source Files\Utility\RenderTools\Shader Interface\ShaderObject\Uniform</Filter>
    </ClInclude>
    <ClInclude Include="CachedUniformLocation.h">
      <Filter>Source Files\Utility\RenderTools\Shader Interface\ShaderObject\Uniform</Filter>
    </ClInclude>
    <ClInclude Include="MathFunctions.h">
      <Filter>Source Files\Utility\Math</Filter>
    </ClInclude>
    <ClInclude Include="ShaderProgram.h">
      <Filter>Source Files\Utility\RenderTools\Shader Interface\ShaderObject</Filter>
    </ClInclude>
    <ClInclude Include="VertexShader.h">
      <Filter>Source Files\Utility\RenderTools\Shader Interface\ShaderObject\CompiledShader\DerivedShaderTypes</Filter>
    </ClInclude>
    <ClInclude Include="CompiledShader.h">
      <Filter>Source Files\Utility\RenderTools\Shader Interface\ShaderObject\CompiledShader</Filter>
    </ClInclude>
    <ClInclude Include="ComputeShader.h">
      <Filter>Source Files\Utility\RenderTools\Shader Interface\ShaderObject\CompiledShader\DerivedShaderTypes</Filter>
    </ClInclude>
    <ClInclude Include="FragmentShader.h">
      <Filter>Source Files\Utility\RenderTools\Shader Interface\ShaderObject\CompiledShader\DerivedShaderTypes</Filter>
    </ClInclude>
    <ClInclude Include="GeometryShader.h">
      <Filter>Source Files\Utility\RenderTools\Shader Interface\ShaderObject\CompiledShader\DerivedShaderTypes</Filter>
    </ClInclude>
    <ClInclude Include="TesselationControlShader.h">
      <Filter>Source Files\Utility\RenderTools\Shader Interface\ShaderObject\CompiledShader\DerivedShaderTypes</Filter>
    </ClInclude>
    <ClInclude Include="TesselationEvaluationShader.h">
      <Filter>Source Files\Utility\RenderTools\Shader Interface\ShaderObject\CompiledShader\DerivedShaderTypes</Filter>
    </ClInclude>
    <ClInclude Include="stb_image.h">
      <Filter>Third Party\stb_image</Filter>
    </ClInclude>
    <ClInclude Include="LoggingMessageTargets.h">
      <Filter>SetupAndConfiguration</Filter>
    </ClInclude>
    <ClInclude Include="ProjectSetup.h">
      <Filter>SetupAndConfiguration</Filter>
    </ClInclude>
    <ClInclude Include="GL_Context_Debug_Message_Callback_Function.h">
      <Filter>SetupAndConfiguration\Debug</Filter>
    </ClInclude>
    <ClInclude Include="ProjectResourceFilepaths.h">
      <Filter>SetupAndConfiguration\Filepaths</Filter>
    </ClInclude>
    <ClInclude Include="ProjectConstants.h">
      <Filter>SetupAndConfiguration</Filter>
    </ClInclude>
    <ClInclude Include="GenericVertexAttributeSet.h">
      <Filter>Source Files\Utility\RenderTools\Shader Interface\VertexAttributeSet</Filter>
    </ClInclude>
    <ClInclude Include="GeometryShaderExplosion.h">
      <Filter>Source Files\Projects\LegacyProjects_PreRenderDemo\GeometryShaderExplosion</Filter>
    </ClInclude>
    <ClInclude Include="teapot.h">
      <Filter>Header Files</Filter>
    </ClInclude>
    <ClInclude Include="RenderDemoBase.h">
      <Filter>Source Files\Projects\RenderDemos</Filter>
    </ClInclude>
    <ClInclude Include="TeapotExplosion.h">
      <Filter>Source Files\Projects\RenderDemos\TeapotExplosion</Filter>
    </ClInclude>
    <ClInclude Include="FilepathWrapper.h">
      <Filter>Source Files\Utility\Filepath</Filter>
    </ClInclude>
    <ClInclude Include="Vertex.h">
      <Filter>Source Files\Utility\Math</Filter>
    </ClInclude>
    <ClInclude Include="Mesh.h">
      <Filter>Source Files\EntityComponents\Mesh</Filter>
    </ClInclude>
    <ClInclude Include="AsciiAsset.h">
      <Filter>Source Files\Utility\Asset Loading\AsciiBasedAssets</Filter>
    </ClInclude>
    <ClInclude Include="AssetInterface.h">
      <Filter>Source Files\Utility\Asset Loading</Filter>
    </ClInclude>
    <ClInclude Include="Face.h">
      <Filter>Source Files\Utility\Asset Loading\AsciiBasedAssets\WavefrontObj</Filter>
    </ClInclude>
    <ClInclude Include="Line.h">
      <Filter>Source Files\Utility\Asset Loading\AsciiBasedAssets\WavefrontObj</Filter>
    </ClInclude>
    <ClInclude Include="QuickObj.h">
      <Filter>Source Files\Utility\Asset Loading\AsciiBasedAssets\WavefrontObj</Filter>
    </ClInclude>
    <ClInclude Include="AssetLoadingDemo.h">
      <Filter>Source Files\Projects\RenderDemos\AssetLoading</Filter>
    </ClInclude>
    <ClInclude Include="MissingAsset.h">
      <Filter>Source Files\Utility\Asset Loading</Filter>
    </ClInclude>
    <ClInclude Include="GLFW_CallbackFunctions.h">
      <Filter>SetupAndConfiguration\GLFW_Initialization</Filter>
    </ClInclude>
    <ClInclude Include="ProjectParameters.h">
      <Filter>SetupAndConfiguration\Parameters</Filter>
    </ClInclude>
    <ClInclude Include="WavefrontObj.h">
      <Filter>Source Files\Utility\Asset Loading\AsciiBasedAssets\WavefrontObj\Incomplete</Filter>
    </ClInclude>
    <ClInclude Include="Lightsource.h">
      <Filter>Source Files\Utility\Lightsource</Filter>
    </ClInclude>
    <ClInclude Include="LightsourceModel.h">
      <Filter>Source Files\Utility\Lightsource</Filter>
    </ClInclude>
    <ClInclude Include="glm\common.hpp">
      <Filter>Third Party\GLM</Filter>
    </ClInclude>
    <ClInclude Include="glm\exponential.hpp">
      <Filter>Third Party\GLM</Filter>
    </ClInclude>
    <ClInclude Include="glm\ext.hpp">
      <Filter>Third Party\GLM</Filter>
    </ClInclude>
    <ClInclude Include="glm\fwd.hpp">
      <Filter>Third Party\GLM</Filter>
    </ClInclude>
    <ClInclude Include="glm\geometric.hpp">
      <Filter>Third Party\GLM</Filter>
    </ClInclude>
    <ClInclude Include="glm\glm.hpp">
      <Filter>Third Party\GLM</Filter>
    </ClInclude>
    <ClInclude Include="glm\integer.hpp">
      <Filter>Third Party\GLM</Filter>
    </ClInclude>
    <ClInclude Include="glm\mat2x2.hpp">
      <Filter>Third Party\GLM</Filter>
    </ClInclude>
    <ClInclude Include="glm\mat2x3.hpp">
      <Filter>Third Party\GLM</Filter>
    </ClInclude>
    <ClInclude Include="glm\mat2x4.hpp">
      <Filter>Third Party\GLM</Filter>
    </ClInclude>
    <ClInclude Include="glm\mat3x2.hpp">
      <Filter>Third Party\GLM</Filter>
    </ClInclude>
    <ClInclude Include="glm\mat3x3.hpp">
      <Filter>Third Party\GLM</Filter>
    </ClInclude>
    <ClInclude Include="glm\mat3x4.hpp">
      <Filter>Third Party\GLM</Filter>
    </ClInclude>
    <ClInclude Include="glm\mat4x2.hpp">
      <Filter>Third Party\GLM</Filter>
    </ClInclude>
    <ClInclude Include="glm\mat4x3.hpp">
      <Filter>Third Party\GLM</Filter>
    </ClInclude>
    <ClInclude Include="glm\mat4x4.hpp">
      <Filter>Third Party\GLM</Filter>
    </ClInclude>
    <ClInclude Include="glm\matrix.hpp">
      <Filter>Third Party\GLM</Filter>
    </ClInclude>
    <ClInclude Include="glm\packing.hpp">
      <Filter>Third Party\GLM</Filter>
    </ClInclude>
    <ClInclude Include="glm\trigonometric.hpp">
      <Filter>Third Party\GLM</Filter>
    </ClInclude>
    <ClInclude Include="glm\vec2.hpp">
      <Filter>Third Party\GLM</Filter>
    </ClInclude>
    <ClInclude Include="glm\vec3.hpp">
      <Filter>Third Party\GLM</Filter>
    </ClInclude>
    <ClInclude Include="glm\vec4.hpp">
      <Filter>Third Party\GLM</Filter>
    </ClInclude>
    <ClInclude Include="glm\vector_relational.hpp">
      <Filter>Third Party\GLM</Filter>
    </ClInclude>
    <ClInclude Include="glm\gtc\matrix_transform.hpp">
      <Filter>Third Party\GLM\gtc</Filter>
    </ClInclude>
    <ClInclude Include="glm\gtc\quaternion.hpp">
      <Filter>Third Party\GLM\gtc</Filter>
    </ClInclude>
    <ClInclude Include="glm\gtc\type_ptr.hpp">
      <Filter>Third Party\GLM\gtc</Filter>
    </ClInclude>
    <ClInclude Include="LightsourceTest.h">
      <Filter>Source Files\Utility\Lightsource</Filter>
    </ClInclude>
  </ItemGroup>
  <ItemGroup>
    <None Include="freetype.dll">
      <Filter>Third Party\FreeType</Filter>
    </None>
    <None Include="glfw3.dll">
      <Filter>Third Party\GLFW</Filter>
    </None>
    <None Include="glfw3dll.exp">
      <Filter>Third Party\GLFW</Filter>
    </None>
    <None Include="constantcolor.frag">
      <Filter>Resource Files\Shaders\Legacy\Generic\Old</Filter>
    </None>
    <None Include="passthrough2D.vert">
      <Filter>Resource Files\Shaders\Legacy\Generic\Old</Filter>
    </None>
    <None Include="passthrough3D.vert">
      <Filter>Resource Files\Shaders\Legacy\Generic\Old</Filter>
    </None>
    <None Include="TestGeom.geom">
      <Filter>Resource Files\Shaders\Legacy\Generic\Old</Filter>
    </None>
    <None Include="RenderProject1.vert">
      <Filter>Resource Files\Shaders\Legacy\RenderProject1</Filter>
    </None>
    <None Include="RenderProject1.frag">
      <Filter>Resource Files\Shaders\Legacy\RenderProject1</Filter>
    </None>
    <None Include="gst.vert">
      <Filter>Resource Files\Shaders\Legacy\GeometryShaderTest</Filter>
    </None>
    <None Include="gst.geom">
      <Filter>Resource Files\Shaders\Legacy\GeometryShaderTest</Filter>
    </None>
    <None Include="gst.frag">
      <Filter>Resource Files\Shaders\Legacy\GeometryShaderTest</Filter>
    </None>
    <None Include="GeometryShaderExplosion.vert">
      <Filter>Resource Files\Shaders\Legacy\GeometryShaderExplosion</Filter>
    </None>
    <None Include="GeometryShaderExplosion.geom">
      <Filter>Resource Files\Shaders\Legacy\GeometryShaderExplosion</Filter>
    </None>
    <None Include="GeometryShaderExplosion.frag">
      <Filter>Resource Files\Shaders\Legacy\GeometryShaderExplosion</Filter>
    </None>
    <None Include="TeapotExplosion.vert">
      <Filter>Resource Files\Shaders\RenderProjects\TeapotExplosion</Filter>
    </None>
    <None Include="TeapotExplosion.geom">
      <Filter>Resource Files\Shaders\RenderProjects\TeapotExplosion</Filter>
    </None>
    <None Include="TeapotExplosion.frag">
      <Filter>Resource Files\Shaders\RenderProjects\TeapotExplosion</Filter>
    </None>
    <None Include="TeapotOutline.geom">
      <Filter>Resource Files\Shaders\RenderProjects\TeapotExplosion</Filter>
    </None>
    <None Include="TeapotOutline.frag">
      <Filter>Resource Files\Shaders\RenderProjects\TeapotExplosion</Filter>
    </None>
    <None Include="obj\Engine2_Textured.mtl">
      <Filter>Resource Files\Models\OBJ\Engine\Engine2</Filter>
    </None>
    <None Include="obj\BeveledCube.mtl">
      <Filter>Resource Files\Models\OBJ\Sample\BeveledCube</Filter>
    </None>
    <None Include="obj\BeveledCube.obj">
      <Filter>Resource Files\Models\OBJ\Sample\BeveledCube</Filter>
    </None>
    <None Include="obj\SubdivisionCube.mtl">
      <Filter>Resource Files\Models\OBJ\Sample\SubdivisionCube</Filter>
    </None>
    <None Include="obj\SubdivisionCube.obj">
      <Filter>Resource Files\Models\OBJ\Sample\SubdivisionCube</Filter>
    </None>
    <None Include="ColorTransforms.frag">
      <Filter>Resource Files\Shaders\Common\FragmentUtility</Filter>
    </None>
    <None Include="obj\Splines.mtl">
      <Filter>Resource Files\Models\OBJ\Sample\Splines</Filter>
    </None>
    <None Include="obj\Splines.obj">
      <Filter>Resource Files\Models\OBJ\Sample\Splines</Filter>
    </None>
    <None Include="obj\BlockThing_Quads.mtl">
      <Filter>Resource Files\Models\OBJ\Sample\BlockThing\BlockThing_Quads</Filter>
    </None>
    <None Include="obj\BlockThing_Quads.obj">
      <Filter>Resource Files\Models\OBJ\Sample\BlockThing\BlockThing_Quads</Filter>
    </None>
    <None Include="obj\BlockThing_Triangulated.mtl">
      <Filter>Resource Files\Models\OBJ\Sample\BlockThing\BlockThing_Triangulated</Filter>
    </None>
    <None Include="obj\BlockThing_Triangulated.obj">
      <Filter>Resource Files\Models\OBJ\Sample\BlockThing\BlockThing_Triangulated</Filter>
    </None>
    <None Include="obj\MultiPrimitiveTest.mtl">
      <Filter>Resource Files\Models\OBJ\Sample\MultiPrimitiveTest</Filter>
    </None>
    <None Include="obj\MultiPrimitiveTest.obj">
      <Filter>Resource Files\Models\OBJ\Sample\MultiPrimitiveTest</Filter>
    </None>
    <None Include="obj\ExperimentalEngine.mtl">
      <Filter>Resource Files\Models\OBJ\Sample\Experimental Engine</Filter>
    </None>
    <None Include="obj\ExperimentalEngine.obj">
      <Filter>Resource Files\Models\OBJ\Sample\Experimental Engine</Filter>
    </None>
    <None Include="obj\ExperimentalEngineUV_ToGOWithAlbedo.mtl">
      <Filter>Resource Files\Models\OBJ\3D_Coat Imported</Filter>
    </None>
    <None Include="obj\ExperimentalEngineUV_ToGOWithAlbedo.obj">
      <Filter>Resource Files\Models\OBJ\3D_Coat Imported</Filter>
    </None>
    <None Include="obj\ParentedPrimatives.mtl">
      <Filter>Resource Files\Models\OBJ\Sample\ParentedPrimatives</Filter>
    </None>
    <None Include="obj\ParentedPrimatives.obj">
      <Filter>Resource Files\Models\OBJ\Sample\ParentedPrimatives</Filter>
    </None>
    <None Include="obj\Thing.mtl">
      <Filter>Resource Files\Models\OBJ\Sample\Thing</Filter>
    </None>
    <None Include="obj\Thing.obj">
      <Filter>Resource Files\Models\OBJ\Sample\Thing</Filter>
    </None>
    <None Include="obj\BlockThing_Triangulated01.obj">
      <Filter>Resource Files\Models\OBJ\Sample\BlockThing\BlockThing_Triangulated</Filter>
    </None>
    <None Include="obj\BlockShipSample_01.mtl">
      <Filter>Resource Files\Models\OBJ\Spaceships\Test\BlockShip01</Filter>
    </None>
    <None Include="obj\BlockShipSample_01.obj">
      <Filter>Resource Files\Models\OBJ\Spaceships\Test\BlockShip01</Filter>
    </None>
    <None Include="VertMath.vert">
      <Filter>Resource Files\Shaders\Common\VertexUtility</Filter>
    </None>
    <None Include="obj\Spaceship.obj">
      <Filter>Resource Files\Models\OBJ\Spaceships\StarSuzerian</Filter>
    </None>
    <None Include="obj\NewTieFighter.obj">
      <Filter>Resource Files\Models\OBJ\Spaceships\NewOrder_TieFighter</Filter>
    </None>
    <None Include="NotesAndReferences\OpenGL_PipelineTransformations.pdf">
      <Filter>NotesAndReferences</Filter>
    </None>
    <None Include="AssetLoadingDemo_OldAndJustStraightBad.frag">
      <Filter>Resource Files\Shaders\Legacy\OldeAssetLoadingDemoShaders\Olde versions of shaders</Filter>
    </None>
    <None Include="AssetLoadingDemo_OldAndUgly.vert">
      <Filter>Resource Files\Shaders\Legacy\OldeAssetLoadingDemoShaders\Olde versions of shaders</Filter>
    </None>
    <None Include="PerspectiveProjection_ExceptItIsNot.vert">
      <Filter>Resource Files\Shaders\Legacy\OldeAssetLoadingDemoShaders\Olde versions of shaders</Filter>
    </None>
    <None Include="AssetLoadingDemo_WithNormalWithTex.vert">
      <Filter>Resource Files\Shaders\RenderProjects\AssetLoadingDemo\PostionTexNormal</Filter>
    </None>
    <None Include="AssetLoadingDemo_WithNormalWithTex.frag">
      <Filter>Resource Files\Shaders\RenderProjects\AssetLoadingDemo\PostionTexNormal</Filter>
    </None>
    <None Include="AssetLoadingDemo_WithNormalWithoutTex.frag">
      <Filter>Resource Files\Shaders\RenderProjects\AssetLoadingDemo\PositionNormal</Filter>
    </None>
    <None Include="AssetLoadingDemo_WithNormalWithoutTex.vert">
      <Filter>Resource Files\Shaders\RenderProjects\AssetLoadingDemo\PositionNormal</Filter>
    </None>
    <None Include="AssetLoadingDemo_WithoutNormalWithoutTex.vert">
      <Filter>Resource Files\Shaders\RenderProjects\AssetLoadingDemo\MaybeUnused\Position</Filter>
    </None>
    <None Include="AssetLoadingDemo_WithoutNormalWithoutTex.frag">
      <Filter>Resource Files\Shaders\RenderProjects\AssetLoadingDemo\MaybeUnused\Position</Filter>
    </None>
    <None Include="AssetLoadingDemo_WithoutNormalWithTex.frag">
      <Filter>Resource Files\Shaders\RenderProjects\AssetLoadingDemo\MaybeUnused\PositionTex</Filter>
    </None>
    <None Include="AssetLoadingDemo_WithoutNormalWithTex.vert">
      <Filter>Resource Files\Shaders\RenderProjects\AssetLoadingDemo\MaybeUnused\PositionTex</Filter>
    </None>
    <None Include="Lightsource.vert">
      <Filter>Resource Files\Shaders\Common\Lightsource</Filter>
    </None>
    <None Include="Lightsource.frag">
      <Filter>Resource Files\Shaders\Common\Lightsource</Filter>
    </None>
    <None Include="obj\Pokemon.obj">
      <Filter>Resource Files\Models\OBJ\Sample\Pokemon</Filter>
    </None>
    <None Include="Lightsource_OldAndIncorrect.glsl">
      <Filter>Resource Files\Shaders\Common\Lightsource</Filter>
    </None>
    <None Include="ShaderNoiseFunctions.frag">
      <Filter>Resource Files\Shaders\Common\ShaderNoiseFunctions</Filter>
    </None>
  </ItemGroup>
  <ItemGroup>
    <Font Include="Fonts\Roboto-Black.ttf">
      <Filter>Resource Files\Fonts</Filter>
    </Font>
    <Font Include="Fonts\Roboto-BlackItalic.ttf">
      <Filter>Resource Files\Fonts</Filter>
    </Font>
    <Font Include="Fonts\Roboto-Bold.ttf">
      <Filter>Resource Files\Fonts</Filter>
    </Font>
    <Font Include="Fonts\Roboto-BoldItalic.ttf">
      <Filter>Resource Files\Fonts</Filter>
    </Font>
    <Font Include="Fonts\RobotoCondensed-Bold.ttf">
      <Filter>Resource Files\Fonts</Filter>
    </Font>
    <Font Include="Fonts\RobotoCondensed-BoldItalic.ttf">
      <Filter>Resource Files\Fonts</Filter>
    </Font>
    <Font Include="Fonts\RobotoCondensed-Italic.ttf">
      <Filter>Resource Files\Fonts</Filter>
    </Font>
    <Font Include="Fonts\RobotoCondensed-Light.ttf">
      <Filter>Resource Files\Fonts</Filter>
    </Font>
    <Font Include="Fonts\RobotoCondensed-LightItalic.ttf">
      <Filter>Resource Files\Fonts</Filter>
    </Font>
    <Font Include="Fonts\RobotoCondensed-Regular.ttf">
      <Filter>Resource Files\Fonts</Filter>
    </Font>
    <Font Include="Fonts\Roboto-Italic.ttf">
      <Filter>Resource Files\Fonts</Filter>
    </Font>
    <Font Include="Fonts\Roboto-Light.ttf">
      <Filter>Resource Files\Fonts</Filter>
    </Font>
    <Font Include="Fonts\Roboto-LightItalic.ttf">
      <Filter>Resource Files\Fonts</Filter>
    </Font>
    <Font Include="Fonts\Roboto-Medium.ttf">
      <Filter>Resource Files\Fonts</Filter>
    </Font>
    <Font Include="Fonts\Roboto-MediumItalic.ttf">
      <Filter>Resource Files\Fonts</Filter>
    </Font>
    <Font Include="Fonts\Roboto-Regular.ttf">
      <Filter>Resource Files\Fonts</Filter>
    </Font>
    <Font Include="Fonts\Roboto-Thin.ttf">
      <Filter>Resource Files\Fonts</Filter>
    </Font>
    <Font Include="Fonts\Roboto-ThinItalic.ttf">
      <Filter>Resource Files\Fonts</Filter>
    </Font>
  </ItemGroup>
  <ItemGroup>
    <Text Include="NewTieFighterNotice.txt">
      <Filter>Resource Files\Models\OBJ\Spaceships\NewOrder_TieFighter</Filter>
    </Text>
    <Text Include="NotesAndReferences\C_Preprocessor_Applications.txt">
      <Filter>NotesAndReferences</Filter>
    </Text>
    <Text Include="NotesAndReferences\Notes_and_ReadMe.txt">
      <Filter>NotesAndReferences</Filter>
    </Text>
    <Text Include="NotesAndReferences\TextureWebsiteResources.txt">
      <Filter>NotesAndReferences</Filter>
    </Text>
    <Text Include="NotesAndReferences\VirtualDesctructors.txt">
      <Filter>NotesAndReferences</Filter>
    </Text>
  </ItemGroup>
  <ItemGroup>
    <Object Include="obj\Engine2_Textured.obj">
      <Filter>Resource Files\Models\OBJ\Engine\Engine2</Filter>
    </Object>
  </ItemGroup>
  <ItemGroup>
    <Image Include="obj\RocketEngine_UV.png">
      <Filter>Resource Files\Models\OBJ\Engine\Engine2</Filter>
    </Image>
    <Image Include="obj\BeveledCube.png">
      <Filter>Resource Files\Models\OBJ\Sample\BeveledCube</Filter>
    </Image>
    <Image Include="NotesAndReferences\CPP_CoreGuidelinesOnHavingNonVirtualDesctructorsBeProtected.png">
      <Filter>NotesAndReferences</Filter>
    </Image>
  </ItemGroup>
</Project>